
Microsoft Visual Studio Solution File, Format Version 12.00
# Visual Studio 15
VisualStudioVersion = 15.0.28307.705
MinimumVisualStudioVersion = 10.0.40219.1
Project("{FAE04EC0-301F-11D3-BF4B-00C04F79EFBC}") = "CalculationLibrary", "CalculationLibrary\CalculationLibrary.csproj", "{AD899EAD-5983-4EA2-9ECE-BA47C69DB502}"
EndProject
Project("{FAE04EC0-301F-11D3-BF4B-00C04F79EFBC}") = "CalculationUser", "CalculationUser\CalculationUser.csproj", "{263E86CE-53BC-4966-B4F9-3B25928FA348}"
EndProject
Project("{FAE04EC0-301F-11D3-BF4B-00C04F79EFBC}") = "ExtensionLibrary", "ExtensionLibrary\ExtensionLibrary.csproj", "{186A4C82-6599-46F8-9760-72F202E12115}"
EndProject
Project("{FAE04EC0-301F-11D3-BF4B-00C04F79EFBC}") = "ExtensionMethodImplementation", "ExtensionMethodImplementation\ExtensionMethodImplementation.csproj", "{8960D913-2617-46E5-A884-F480F3FDFA6E}"
EndProject
Global
	GlobalSection(SolutionConfigurationPlatforms) = preSolution
		Debug|Any CPU = Debug|Any CPU
		Release|Any CPU = Release|Any CPU
	EndGlobalSection
	GlobalSection(ProjectConfigurationPlatforms) = postSolution
		{AD899EAD-5983-4EA2-9ECE-BA47C69DB502}.Debug|Any CPU.ActiveCfg = Debug|Any CPU
		{AD899EAD-5983-4EA2-9ECE-BA47C69DB502}.Debug|Any CPU.Build.0 = Debug|Any CPU
		{AD899EAD-5983-4EA2-9ECE-BA47C69DB502}.Release|Any CPU.ActiveCfg = Release|Any CPU
		{AD899EAD-5983-4EA2-9ECE-BA47C69DB502}.Release|Any CPU.Build.0 = Release|Any CPU
		{263E86CE-53BC-4966-B4F9-3B25928FA348}.Debug|Any CPU.ActiveCfg = Debug|Any CPU
		{263E86CE-53BC-4966-B4F9-3B25928FA348}.Debug|Any CPU.Build.0 = Debug|Any CPU
		{263E86CE-53BC-4966-B4F9-3B25928FA348}.Release|Any CPU.ActiveCfg = Release|Any CPU
		{263E86CE-53BC-4966-B4F9-3B25928FA348}.Release|Any CPU.Build.0 = Release|Any CPU
		{186A4C82-6599-46F8-9760-72F202E12115}.Debug|Any CPU.ActiveCfg = Debug|Any CPU
		{186A4C82-6599-46F8-9760-72F202E12115}.Debug|Any CPU.Build.0 = Debug|Any CPU
		{186A4C82-6599-46F8-9760-72F202E12115}.Release|Any CPU.ActiveCfg = Release|Any CPU
		{186A4C82-6599-46F8-9760-72F202E12115}.Release|Any CPU.Build.0 = Release|Any CPU
		{8960D913-2617-46E5-A884-F480F3FDFA6E}.Debug|Any CPU.ActiveCfg = Debug|Any CPU
		{8960D913-2617-46E5-A884-F480F3FDFA6E}.Debug|Any CPU.Build.0 = Debug|Any CPU
		{8960D913-2617-46E5-A884-F480F3FDFA6E}.Release|Any CPU.ActiveCfg = Release|Any CPU
		{8960D913-2617-46E5-A884-F480F3FDFA6E}.Release|Any CPU.Build.0 = Release|Any CPU
	EndGlobalSection
	GlobalSection(SolutionProperties) = preSolution
		HideSolutionNode = FALSE
	EndGlobalSection
	GlobalSection(ExtensibilityGlobals) = postSolution
		SolutionGuid = {DF5B74ED-ABE2-4FB0-AF2A-88DA1AEAC6AB}
	EndGlobalSection
EndGlobal
